
Microsoft Visual Studio Solution File, Format Version 12.00
# Visual Studio Version 16
VisualStudioVersion = 16.0.29920.165
MinimumVisualStudioVersion = 10.0.40219.1
Project("{FAE04EC0-301F-11D3-BF4B-00C04F79EFBC}") = "ambilbox_tunel", "ambilbox_tunel\ambilbox_tunel.csproj", "{CC865ED0-BCF7-43AB-9409-E37454DC3BFB}"
EndProject
Global
	GlobalSection(SolutionConfigurationPlatforms) = preSolution
		Debug|Any CPU = Debug|Any CPU
		Release|Any CPU = Release|Any CPU
	EndGlobalSection
	GlobalSection(ProjectConfigurationPlatforms) = postSolution
		{CC865ED0-BCF7-43AB-9409-E37454DC3BFB}.Debug|Any CPU.ActiveCfg = Debug|Any CPU
		{CC865ED0-BCF7-43AB-9409-E37454DC3BFB}.Debug|Any CPU.Build.0 = Debug|Any CPU
		{CC865ED0-BCF7-43AB-9409-E37454DC3BFB}.Release|Any CPU.ActiveCfg = Release|Any CPU
		{CC865ED0-BCF7-43AB-9409-E37454DC3BFB}.Release|Any CPU.Build.0 = Release|Any CPU
	EndGlobalSection
	GlobalSection(SolutionProperties) = preSolution
		HideSolutionNode = FALSE
	EndGlobalSection
	GlobalSection(ExtensibilityGlobals) = postSolution
		SolutionGuid = {39038B56-439B-4B30-88EA-8702F29A732A}
	EndGlobalSection
EndGlobal
